
Microsoft Visual Studio Solution File, Format Version 12.00
# Visual Studio 2012
Project("{FAE04EC0-301F-11D3-BF4B-00C04F79EFBC}") = "SafeLib", "SafeLib\SafeLib.csproj", "{50592148-C973-477B-990E-59A7F4E3DB49}"
EndProject
Project("{FAE04EC0-301F-11D3-BF4B-00C04F79EFBC}") = "SafeLibTest", "SafeLibTest\SafeLibTest.csproj", "{345F3A84-5B7E-4D13-8043-C885AD2B6BAA}"
EndProject
Project("{FAE04EC0-301F-11D3-BF4B-00C04F79EFBC}") = "Safe", "Safe\Safe.csproj", "{C6BFA404-3CFA-43D9-82E8-5268A59AE510}"
EndProject
Project("{2150E333-8FDC-42A3-9474-1A3956D46DE8}") = ".nuget", ".nuget", "{CBB73683-A30F-4936-A6EF-0A0F2AAAFE04}"
	ProjectSection(SolutionItems) = preProject
		.nuget\packages.config = .nuget\packages.config
	EndProjectSection
EndProject
Global
	GlobalSection(SolutionConfigurationPlatforms) = preSolution
		Debug|Any CPU = Debug|Any CPU
		Release|Any CPU = Release|Any CPU
	EndGlobalSection
	GlobalSection(ProjectConfigurationPlatforms) = postSolution
		{50592148-C973-477B-990E-59A7F4E3DB49}.Debug|Any CPU.ActiveCfg = Debug|Any CPU
		{50592148-C973-477B-990E-59A7F4E3DB49}.Debug|Any CPU.Build.0 = Debug|Any CPU
		{50592148-C973-477B-990E-59A7F4E3DB49}.Release|Any CPU.ActiveCfg = Release|Any CPU
		{50592148-C973-477B-990E-59A7F4E3DB49}.Release|Any CPU.Build.0 = Release|Any CPU
		{345F3A84-5B7E-4D13-8043-C885AD2B6BAA}.Debug|Any CPU.ActiveCfg = Debug|Any CPU
		{345F3A84-5B7E-4D13-8043-C885AD2B6BAA}.Debug|Any CPU.Build.0 = Debug|Any CPU
		{345F3A84-5B7E-4D13-8043-C885AD2B6BAA}.Release|Any CPU.ActiveCfg = Release|Any CPU
		{345F3A84-5B7E-4D13-8043-C885AD2B6BAA}.Release|Any CPU.Build.0 = Release|Any CPU
		{C6BFA404-3CFA-43D9-82E8-5268A59AE510}.Debug|Any CPU.ActiveCfg = Debug|Any CPU
		{C6BFA404-3CFA-43D9-82E8-5268A59AE510}.Debug|Any CPU.Build.0 = Debug|Any CPU
		{C6BFA404-3CFA-43D9-82E8-5268A59AE510}.Release|Any CPU.ActiveCfg = Release|Any CPU
		{C6BFA404-3CFA-43D9-82E8-5268A59AE510}.Release|Any CPU.Build.0 = Release|Any CPU
	EndGlobalSection
	GlobalSection(SolutionProperties) = preSolution
		HideSolutionNode = FALSE
	EndGlobalSection
EndGlobal
